
Microsoft Visual Studio Solution File, Format Version 12.00
# Visual Studio Version 16
VisualStudioVersion = 16.0.31313.79
MinimumVisualStudioVersion = 10.0.40219.1
Project("{9A19103F-16F7-4668-BE54-9A1E7A4F7556}") = "MoodAnalyzerProblem", "MoodAnalyzerProblem.csproj", "{0853ED25-FFA3-4715-95AB-DE6C3B4901ED}"
EndProject
Project("{FAE04EC0-301F-11D3-BF4B-00C04F79EFBC}") = "TestProject1", "..\TestProject1\TestProject1.csproj", "{AA4E7648-A947-4DE7-B0E7-FDDA9893D3E6}"
EndProject
Global
	GlobalSection(SolutionConfigurationPlatforms) = preSolution
		Debug|Any CPU = Debug|Any CPU
		Release|Any CPU = Release|Any CPU
	EndGlobalSection
	GlobalSection(ProjectConfigurationPlatforms) = postSolution
		{0853ED25-FFA3-4715-95AB-DE6C3B4901ED}.Debug|Any CPU.ActiveCfg = Debug|Any CPU
		{0853ED25-FFA3-4715-95AB-DE6C3B4901ED}.Debug|Any CPU.Build.0 = Debug|Any CPU
		{0853ED25-FFA3-4715-95AB-DE6C3B4901ED}.Release|Any CPU.ActiveCfg = Release|Any CPU
		{0853ED25-FFA3-4715-95AB-DE6C3B4901ED}.Release|Any CPU.Build.0 = Release|Any CPU
		{AA4E7648-A947-4DE7-B0E7-FDDA9893D3E6}.Debug|Any CPU.ActiveCfg = Debug|Any CPU
		{AA4E7648-A947-4DE7-B0E7-FDDA9893D3E6}.Debug|Any CPU.Build.0 = Debug|Any CPU
		{AA4E7648-A947-4DE7-B0E7-FDDA9893D3E6}.Release|Any CPU.ActiveCfg = Release|Any CPU
		{AA4E7648-A947-4DE7-B0E7-FDDA9893D3E6}.Release|Any CPU.Build.0 = Release|Any CPU
	EndGlobalSection
	GlobalSection(SolutionProperties) = preSolution
		HideSolutionNode = FALSE
	EndGlobalSection
	GlobalSection(ExtensibilityGlobals) = postSolution
		SolutionGuid = {6F4FCDE6-059F-4DD5-8954-86F838D0D227}
	EndGlobalSection
EndGlobal
